version = 1
revision = 3
requires-python = ">=3.11"

[[package]]
name = "haveibeensquatted"
version = "0.2.0"
source = { editable = "../" }

[package.metadata]

[package.metadata.requires-dev]
dev = [
    { name = "datamodel-code-generator", specifier = ">=0.25.0" },
    { name = "jsonschema", specifier = ">=4.20.0" },
    { name = "pdoc", specifier = ">=14.0.0" },
    { name = "pytest", specifier = ">=8.0.0" },
    { name = "pytest-asyncio", specifier = ">=0.23.0" },
    { name = "ruff", specifier = ">=0.3.0" },
]

[[package]]
name = "hibs-examples"
version = "0.0.0"
source = { virtual = "." }
dependencies = [
    { name = "haveibeensquatted" },
]

[package.metadata]
requires-dist = [{ name = "haveibeensquatted", editable = "../" }]
